
Microsoft Visual Studio Solution File, Format Version 12.00
# Visual Studio Version 16
VisualStudioVersion = 16.0.29215.179
MinimumVisualStudioVersion = 10.0.40219.1
Project("{9A19103F-16F7-4668-BE54-9A1E7A4F7556}") = "WcfService", "WcfService\WcfService.csproj", "{2C882413-D214-4846-B65A-C572950D4625}"
EndProject
Project("{2150E333-8FDC-42A3-9474-1A3956D46DE8}") = "Database", "Database", "{09AF0F2D-BDE8-4370-A953-917701465BC2}"
	ProjectSection(SolutionItems) = preProject
		Database\DropAndCreateDatabase.sql = Database\DropAndCreateDatabase.sql
	EndProjectSection
EndProject
Project("{2150E333-8FDC-42A3-9474-1A3956D46DE8}") = "Solution Folder", "Solution Folder", "{3CF3B27A-A546-46B3-9940-9239D0B658C4}"
	ProjectSection(SolutionItems) = preProject
		Runme.ps1 = Runme.ps1
	EndProjectSection
EndProject
Project("{2150E333-8FDC-42A3-9474-1A3956D46DE8}") = "Scripts", "Scripts", "{8DE797E0-969C-425B-BB3D-76AC91C520F8}"
	ProjectSection(SolutionItems) = preProject
		Scripts\01 - DropAndCreateDatabase.ps1 = Scripts\01 - DropAndCreateDatabase.ps1
		Scripts\02 - Build.ps1 = Scripts\02 - Build.ps1
		Scripts\03 - Run.ps1 = Scripts\03 - Run.ps1
	EndProjectSection
EndProject
Project("{FAE04EC0-301F-11D3-BF4B-00C04F79EFBC}") = "LoopHammer", "LoopHammer\LoopHammer.csproj", "{DCDD4924-2FA3-4889-A601-C6C6AE0B0F6E}"
EndProject
Global
	GlobalSection(SolutionConfigurationPlatforms) = preSolution
		Debug|Any CPU = Debug|Any CPU
		Release|Any CPU = Release|Any CPU
	EndGlobalSection
	GlobalSection(ProjectConfigurationPlatforms) = postSolution
		{2C882413-D214-4846-B65A-C572950D4625}.Debug|Any CPU.ActiveCfg = Debug|Any CPU
		{2C882413-D214-4846-B65A-C572950D4625}.Debug|Any CPU.Build.0 = Debug|Any CPU
		{2C882413-D214-4846-B65A-C572950D4625}.Release|Any CPU.ActiveCfg = Release|Any CPU
		{2C882413-D214-4846-B65A-C572950D4625}.Release|Any CPU.Build.0 = Release|Any CPU
		{DCDD4924-2FA3-4889-A601-C6C6AE0B0F6E}.Debug|Any CPU.ActiveCfg = Debug|Any CPU
		{DCDD4924-2FA3-4889-A601-C6C6AE0B0F6E}.Debug|Any CPU.Build.0 = Debug|Any CPU
		{DCDD4924-2FA3-4889-A601-C6C6AE0B0F6E}.Release|Any CPU.ActiveCfg = Release|Any CPU
		{DCDD4924-2FA3-4889-A601-C6C6AE0B0F6E}.Release|Any CPU.Build.0 = Release|Any CPU
	EndGlobalSection
	GlobalSection(SolutionProperties) = preSolution
		HideSolutionNode = FALSE
	EndGlobalSection
	GlobalSection(ExtensibilityGlobals) = postSolution
		SolutionGuid = {331441A6-4499-40DF-B3A1-A3EDEC8C9B40}
	EndGlobalSection
EndGlobal
