
Microsoft Visual Studio Solution File, Format Version 12.00
# Visual Studio Version 16
VisualStudioVersion = 16.0.29215.179
MinimumVisualStudioVersion = 10.0.40219.1
Project("{FAE04EC0-301F-11D3-BF4B-00C04F79EFBC}") = "DemoService", "DemoService\DemoService.csproj", "{AE178AA2-46D7-4112-A8FD-273DC738F6F3}"
EndProject
Project("{FAE04EC0-301F-11D3-BF4B-00C04F79EFBC}") = "WcfService", "WcfService\WcfService.csproj", "{2C882413-D214-4846-B65A-C572950D4625}"
EndProject
Project("{FAE04EC0-301F-11D3-BF4B-00C04F79EFBC}") = "MessageCreator", "MessageCreator\MessageCreator.csproj", "{0D8FAD33-0D71-4F33-829A-C9836B358FC4}"
EndProject
Project("{2150E333-8FDC-42A3-9474-1A3956D46DE8}") = "Database", "Database", "{09AF0F2D-BDE8-4370-A953-917701465BC2}"
	ProjectSection(SolutionItems) = preProject
		Database\DropAndCreateDatabase.sql = Database\DropAndCreateDatabase.sql
	EndProjectSection
EndProject
Project("{2150E333-8FDC-42A3-9474-1A3956D46DE8}") = "Solution Folder", "Solution Folder", "{3CF3B27A-A546-46B3-9940-9239D0B658C4}"
	ProjectSection(SolutionItems) = preProject
		Runme.ps1 = Runme.ps1
		TextFile1.txt = TextFile1.txt
	EndProjectSection
EndProject
Project("{2150E333-8FDC-42A3-9474-1A3956D46DE8}") = "Scripts", "Scripts", "{8DE797E0-969C-425B-BB3D-76AC91C520F8}"
	ProjectSection(SolutionItems) = preProject
		Scripts\01 - DropAndCreateDatabase.ps1 = Scripts\01 - DropAndCreateDatabase.ps1
		Scripts\02 - Build.ps1 = Scripts\02 - Build.ps1
		Scripts\03 - Run.ps1 = Scripts\03 - Run.ps1
	EndProjectSection
EndProject
Global
	GlobalSection(SolutionConfigurationPlatforms) = preSolution
		Debug|Any CPU = Debug|Any CPU
		Release|Any CPU = Release|Any CPU
	EndGlobalSection
	GlobalSection(ProjectConfigurationPlatforms) = postSolution
		{AE178AA2-46D7-4112-A8FD-273DC738F6F3}.Debug|Any CPU.ActiveCfg = Debug|Any CPU
		{AE178AA2-46D7-4112-A8FD-273DC738F6F3}.Debug|Any CPU.Build.0 = Debug|Any CPU
		{AE178AA2-46D7-4112-A8FD-273DC738F6F3}.Release|Any CPU.ActiveCfg = Release|Any CPU
		{AE178AA2-46D7-4112-A8FD-273DC738F6F3}.Release|Any CPU.Build.0 = Release|Any CPU
		{2C882413-D214-4846-B65A-C572950D4625}.Debug|Any CPU.ActiveCfg = Debug|Any CPU
		{2C882413-D214-4846-B65A-C572950D4625}.Debug|Any CPU.Build.0 = Debug|Any CPU
		{2C882413-D214-4846-B65A-C572950D4625}.Release|Any CPU.ActiveCfg = Release|Any CPU
		{2C882413-D214-4846-B65A-C572950D4625}.Release|Any CPU.Build.0 = Release|Any CPU
		{0D8FAD33-0D71-4F33-829A-C9836B358FC4}.Debug|Any CPU.ActiveCfg = Debug|Any CPU
		{0D8FAD33-0D71-4F33-829A-C9836B358FC4}.Debug|Any CPU.Build.0 = Debug|Any CPU
		{0D8FAD33-0D71-4F33-829A-C9836B358FC4}.Release|Any CPU.ActiveCfg = Release|Any CPU
		{0D8FAD33-0D71-4F33-829A-C9836B358FC4}.Release|Any CPU.Build.0 = Release|Any CPU
	EndGlobalSection
	GlobalSection(SolutionProperties) = preSolution
		HideSolutionNode = FALSE
	EndGlobalSection
	GlobalSection(ExtensibilityGlobals) = postSolution
		SolutionGuid = {331441A6-4499-40DF-B3A1-A3EDEC8C9B40}
	EndGlobalSection
EndGlobal
